// !$*UTF8*$!
{
	archiveVersion = 1;
	classes = {
	};
	objectVersion = 50;
	objects = {

/* Begin PBXBuildFile section */
		71F44CEC24D8098700654223 /* AppDelegate.swift in Sources */ = {isa = PBXBuildFile; fileRef = 71F44CEB24D8098700654223 /* AppDelegate.swift */; };
		71F44CEE24D8098700654223 /* SceneDelegate.swift in Sources */ = {isa = PBXBuildFile; fileRef = 71F44CED24D8098700654223 /* SceneDelegate.swift */; };
		71F44CF024D8098700654223 /* ViewController.swift in Sources */ = {isa = PBXBuildFile; fileRef = 71F44CEF24D8098700654223 /* ViewController.swift */; };
		71F44CF324D8098700654223 /* Main.storyboard in Resources */ = {isa = PBXBuildFile; fileRef = 71F44CF124D8098700654223 /* Main.storyboard */; };
		71F44CF524D8098B00654223 /* Assets.xcassets in Resources */ = {isa = PBXBuildFile; fileRef = 71F44CF424D8098B00654223 /* Assets.xcassets */; };
		71F44CF824D8098B00654223 /* LaunchScreen.storyboard in Resources */ = {isa = PBXBuildFile; fileRef = 71F44CF624D8098B00654223 /* LaunchScreen.storyboard */; };
		71F44D0024D80D8E00654223 /* Question.swift in Sources */ = {isa = PBXBuildFile; fileRef = 71F44CFF24D80D8E00654223 /* Question.swift */; };
		71F44D0624D80EE600654223 /* QuizBrain.swift in Sources */ = {isa = PBXBuildFile; fileRef = 71F44D0524D80EE600654223 /* QuizBrain.swift */; };
/* End PBXBuildFile section */

/* Begin PBXFileReference section */
		71F44CE824D8098700654223 /* Quizzy.app */ = {isa = PBXFileReference; explicitFileType = wrapper.application; includeInIndex = 0; path = Quizzy.app; sourceTree = BUILT_PRODUCTS_DIR; };
		71F44CEB24D8098700654223 /* AppDelegate.swift */ = {isa = PBXFileReference; lastKnownFileType = sourcecode.swift; path = AppDelegate.swift; sourceTree = "<group>"; };
		71F44CED24D8098700654223 /* SceneDelegate.swift */ = {isa = PBXFileReference; lastKnownFileType = sourcecode.swift; path = SceneDelegate.swift; sourceTree = "<group>"; };
		71F44CEF24D8098700654223 /* ViewController.swift */ = {isa = PBXFileReference; lastKnownFileType = sourcecode.swift; path = ViewController.swift; sourceTree = "<group>"; };
		71F44CF224D8098700654223 /* Base */ = {isa = PBXFileReference; lastKnownFileType = file.storyboard; name = Base; path = Base.lproj/Main.storyboard; sourceTree = "<group>"; };
		71F44CF424D8098B00654223 /* Assets.xcassets */ = {isa = PBXFileReference; lastKnownFileType = folder.assetcatalog; path = Assets.xcassets; sourceTree = "<group>"; };
		71F44CF724D8098B00654223 /* Base */ = {isa = PBXFileReference; lastKnownFileType = file.storyboard; name = Base; path = Base.lproj/LaunchScreen.storyboard; sourceTree = "<group>"; };
		71F44CF924D8098B00654223 /* Info.plist */ = {isa = PBXFileReference; lastKnownFileType = text.plist.xml; path = Info.plist; sourceTree = "<group>"; };
		71F44CFF24D80D8E00654223 /* Question.swift */ = {isa = PBXFileReference; lastKnownFileType = sourcecode.swift; path = Question.swift; sourceTree = "<group>"; };
		71F44D0524D80EE600654223 /* QuizBrain.swift */ = {isa = PBXFileReference; lastKnownFileType = sourcecode.swift; path = QuizBrain.swift; sourceTree = "<group>"; };
/* End PBXFileReference section */

/* Begin PBXFrameworksBuildPhase section */
		71F44CE524D8098700654223 /* Frameworks */ = {
			isa = PBXFrameworksBuildPhase;
			buildActionMask = 2147483647;
			files = (
			);
			runOnlyForDeploymentPostprocessing = 0;
		};
/* End PBXFrameworksBuildPhase section */

/* Begin PBXGroup section */
		71F44CDF24D8098700654223 = {
			isa = PBXGroup;
			children = (
				71F44CEA24D8098700654223 /* Quizzy */,
				71F44CE924D8098700654223 /* Products */,
			);
			sourceTree = "<group>";
		};
		71F44CE924D8098700654223 /* Products */ = {
			isa = PBXGroup;
			children = (
				71F44CE824D8098700654223 /* Quizzy.app */,
			);
			name = Products;
			sourceTree = "<group>";
		};
		71F44CEA24D8098700654223 /* Quizzy */ = {
			isa = PBXGroup;
			children = (
				71F44CEB24D8098700654223 /* AppDelegate.swift */,
				71F44CED24D8098700654223 /* SceneDelegate.swift */,
				71F44D0124D80E4200654223 /* Model */,
				71F44D0324D80E5F00654223 /* View */,
				71F44D0224D80E5200654223 /* Controller */,
				71F44CF424D8098B00654223 /* Assets.xcassets */,
				71F44CF624D8098B00654223 /* LaunchScreen.storyboard */,
				71F44CF924D8098B00654223 /* Info.plist */,
			);
			path = Quizzy;
			sourceTree = "<group>";
		};
		71F44D0124D80E4200654223 /* Model */ = {
			isa = PBXGroup;
			children = (
				71F44CFF24D80D8E00654223 /* Question.swift */,
				71F44D0524D80EE600654223 /* QuizBrain.swift */,
			);
			path = Model;
			sourceTree = "<group>";
		};
		71F44D0224D80E5200654223 /* Controller */ = {
			isa = PBXGroup;
			children = (
				71F44CEF24D8098700654223 /* ViewController.swift */,
			);
			path = Controller;
			sourceTree = "<group>";
		};
		71F44D0324D80E5F00654223 /* View */ = {
			isa = PBXGroup;
			children = (
				71F44CF124D8098700654223 /* Main.storyboard */,
			);
			path = View;
			sourceTree = "<group>";
		};
/* End PBXGroup section */

/* Begin PBXNativeTarget section */
		71F44CE724D8098700654223 /* Quizzy */ = {
			isa = PBXNativeTarget;
			buildConfigurationList = 71F44CFC24D8098B00654223 /* Build configuration list for PBXNativeTarget "Quizzy" */;
			buildPhases = (
				71F44CE424D8098700654223 /* Sources */,
				71F44CE524D8098700654223 /* Frameworks */,
				71F44CE624D8098700654223 /* Resources */,
			);
			buildRules = (
			);
			dependencies = (
			);
			name = Quizzy;
			productName = Quizzy;
			productReference = 71F44CE824D8098700654223 /* Quizzy.app */;
			productType = "com.apple.product-type.application";
		};
/* End PBXNativeTarget section */

/* Begin PBXProject section */
		71F44CE024D8098700654223 /* Project object */ = {
			isa = PBXProject;
			attributes = {
				LastSwiftUpdateCheck = 1160;
				LastUpgradeCheck = 1160;
				ORGANIZATIONNAME = "Izzat Jabali";
				TargetAttributes = {
					71F44CE724D8098700654223 = {
						CreatedOnToolsVersion = 11.6;
					};
				};
			};
			buildConfigurationList = 71F44CE324D8098700654223 /* Build configuration list for PBXProject "Quizzy" */;
			compatibilityVersion = "Xcode 9.3";
			developmentRegion = en;
			hasScannedForEncodings = 0;
			knownRegions = (
				en,
				Base,
			);
			mainGroup = 71F44CDF24D8098700654223;
			productRefGroup = 71F44CE924D8098700654223 /* Products */;
			projectDirPath = "";
			projectRoot = "";
			targets = (
				71F44CE724D8098700654223 /* Quizzy */,
			);
		};
/* End PBXProject section */

/* Begin PBXResourcesBuildPhase section */
		71F44CE624D8098700654223 /* Resources */ = {
			isa = PBXResourcesBuildPhase;
			buildActionMask = 2147483647;
			files = (
				71F44CF824D8098B00654223 /* LaunchScreen.storyboard in Resources */,
				71F44CF524D8098B00654223 /* Assets.xcassets in Resources */,
				71F44CF324D8098700654223 /* Main.storyboard in Resources */,
			);
			runOnlyForDeploymentPostprocessing = 0;
		};
/* End PBXResourcesBuildPhase section */

/* Begin PBXSourcesBuildPhase section */
		71F44CE424D8098700654223 /* Sources */ = {
			isa = PBXSourcesBuildPhase;
			buildActionMask = 2147483647;
			files = (
				71F44D0624D80EE600654223 /* QuizBrain.swift in Sources */,
				71F44CF024D8098700654223 /* ViewController.swift in Sources */,
				71F44D0024D80D8E00654223 /* Question.swift in Sources */,
				71F44CEC24D8098700654223 /* AppDelegate.swift in Sources */,
				71F44CEE24D8098700654223 /* SceneDelegate.swift in Sources */,
			);
			runOnlyForDeploymentPostprocessing = 0;
		};
/* End PBXSourcesBuildPhase section */

/* Begin PBXVariantGroup section */
		71F44CF124D8098700654223 /* Main.storyboard */ = {
			isa = PBXVariantGroup;
			children = (
				71F44CF224D8098700654223 /* Base */,
			);
			name = Main.storyboard;
			sourceTree = "<group>";
		};
		71F44CF624D8098B00654223 /* LaunchScreen.storyboard */ = {
			isa = PBXVariantGroup;
			children = (
				71F44CF724D8098B00654223 /* Base */,
			);
			name = LaunchScreen.storyboard;
			sourceTree = "<group>";
		};
/* End PBXVariantGroup section */

/* Begin XCBuildConfiguration section */
		71F44CFA24D8098B00654223 /* Debug */ = {
			isa = XCBuildConfiguration;
			buildSettings = {
				ALWAYS_SEARCH_USER_PATHS = NO;
				CLANG_ANALYZER_NONNULL = YES;
				CLANG_ANALYZER_NUMBER_OBJECT_CONVERSION = YES_AGGRESSIVE;
				CLANG_CXX_LANGUAGE_STANDARD = "gnu++14";
				CLANG_CXX_LIBRARY = "libc++";
				CLANG_ENABLE_MODULES = YES;
				CLANG_ENABLE_OBJC_ARC = YES;
				CLANG_ENABLE_OBJC_WEAK = YES;
				CLANG_WARN_BLOCK_CAPTURE_AUTORELEASING = YES;
				CLANG_WARN_BOOL_CONVERSION = YES;
				CLANG_WARN_COMMA = YES;
				CLANG_WARN_CONSTANT_CONVERSION = YES;
				CLANG_WARN_DEPRECATED_OBJC_IMPLEMENTATIONS = YES;
				CLANG_WARN_DIRECT_OBJC_ISA_USAGE = YES_ERROR;
				CLANG_WARN_DOCUMENTATION_COMMENTS = YES;
				CLANG_WARN_EMPTY_BODY = YES;
				CLANG_WARN_ENUM_CONVERSION = YES;
				CLANG_WARN_INFINITE_RECURSION = YES;
				CLANG_WARN_INT_CONVERSION = YES;
				CLANG_WARN_NON_LITERAL_NULL_CONVERSION = YES;
				CLANG_WARN_OBJC_IMPLICIT_RETAIN_SELF = YES;
				CLANG_WARN_OBJC_LITERAL_CONVERSION = YES;
				CLANG_WARN_OBJC_ROOT_CLASS = YES_ERROR;
				CLANG_WARN_RANGE_LOOP_ANALYSIS = YES;
				CLANG_WARN_STRICT_PROTOTYPES = YES;
				CLANG_WARN_SUSPICIOUS_MOVE = YES;
				CLANG_WARN_UNGUARDED_AVAILABILITY = YES_AGGRESSIVE;
				CLANG_WARN_UNREACHABLE_CODE = YES;
				CLANG_WARN__DUPLICATE_METHOD_MATCH = YES;
				COPY_PHASE_STRIP = NO;
				DEBUG_INFORMATION_FORMAT = dwarf;
				ENABLE_STRICT_OBJC_MSGSEND = YES;
				ENABLE_TESTABILITY = YES;
				GCC_C_LANGUAGE_STANDARD = gnu11;
				GCC_DYNAMIC_NO_PIC = NO;
				GCC_NO_COMMON_BLOCKS = YES;
				GCC_OPTIMIZATION_LEVEL = 0;
				GCC_PREPROCESSOR_DEFINITIONS = (
					"DEBUG=1",
					"$(inherited)",
				);
				GCC_WARN_64_TO_32_BIT_CONVERSION = YES;
				GCC_WARN_ABOUT_RETURN_TYPE = YES_ERROR;
				GCC_WARN_UNDECLARED_SELECTOR = YES;
				GCC_WARN_UNINITIALIZED_AUTOS = YES_AGGRESSIVE;
				GCC_WARN_UNUSED_FUNCTION = YES;
				GCC_WARN_UNUSED_VARIABLE = YES;
				IPHONEOS_DEPLOYMENT_TARGET = 13.6;
				MTL_ENABLE_DEBUG_INFO = INCLUDE_SOURCE;
				MTL_FAST_MATH = YES;
				ONLY_ACTIVE_ARCH = YES;
				SDKROOT = iphoneos;
				SWIFT_ACTIVE_COMPILATION_CONDITIONS = DEBUG;
				SWIFT_OPTIMIZATION_LEVEL = "-Onone";
			};
			name = Debug;
		};
		71F44CFB24D8098B00654223 /* Release */ = {
			isa = XCBuildConfiguration;
			buildSettings = {
				ALWAYS_SEARCH_USER_PATHS = NO;
				CLANG_ANALYZER_NONNULL = YES;
				CLANG_ANALYZER_NUMBER_OBJECT_CONVERSION = YES_AGGRESSIVE;
				CLANG_CXX_LANGUAGE_STANDARD = "gnu++14";
				CLANG_CXX_LIBRARY = "libc++";
				CLANG_ENABLE_MODULES = YES;
				CLANG_ENABLE_OBJC_ARC = YES;
				CLANG_ENABLE_OBJC_WEAK = YES;
				CLANG_WARN_BLOCK_CAPTURE_AUTORELEASING = YES;
				CLANG_WARN_BOOL_CONVERSION = YES;
				CLANG_WARN_COMMA = YES;
				CLANG_WARN_CONSTANT_CONVERSION = YES;
				CLANG_WARN_DEPRECATED_OBJC_IMPLEMENTATIONS = YES;
				CLANG_WARN_DIRECT_OBJC_ISA_USAGE = YES_ERROR;
				CLANG_WARN_DOCUMENTATION_COMMENTS = YES;
				CLANG_WARN_EMPTY_BODY = YES;
				CLANG_WARN_ENUM_CONVERSION = YES;
				CLANG_WARN_INFINITE_RECURSION = YES;
				CLANG_WARN_INT_CONVERSION = YES;
				CLANG_WARN_NON_LITERAL_NULL_CONVERSION = YES;
				CLANG_WARN_OBJC_IMPLICIT_RETAIN_SELF = YES;
				CLANG_WARN_OBJC_LITERAL_CONVERSION = YES;
				CLANG_WARN_OBJC_ROOT_CLASS = YES_ERROR;
				CLANG_WARN_RANGE_LOOP_ANALYSIS = YES;
				CLANG_WARN_STRICT_PROTOTYPES = YES;
				CLANG_WARN_SUSPICIOUS_MOVE = YES;
				CLANG_WARN_UNGUARDED_AVAILABILITY = YES_AGGRESSIVE;
				CLANG_WARN_UNREACHABLE_CODE = YES;
				CLANG_WARN__DUPLICATE_METHOD_MATCH = YES;
				COPY_PHASE_STRIP = NO;
				DEBUG_INFORMATION_FORMAT = "dwarf-with-dsym";
				ENABLE_NS_ASSERTIONS = NO;
				ENABLE_STRICT_OBJC_MSGSEND = YES;
				GCC_C_LANGUAGE_STANDARD = gnu11;
				GCC_NO_COMMON_BLOCKS = YES;
				GCC_WARN_64_TO_32_BIT_CONVERSION = YES;
				GCC_WARN_ABOUT_RETURN_TYPE = YES_ERROR;
				GCC_WARN_UNDECLARED_SELECTOR = YES;
				GCC_WARN_UNINITIALIZED_AUTOS = YES_AGGRESSIVE;
				GCC_WARN_UNUSED_FUNCTION = YES;
				GCC_WARN_UNUSED_VARIABLE = YES;
				IPHONEOS_DEPLOYMENT_TARGET = 13.6;
				MTL_ENABLE_DEBUG_INFO = NO;
				MTL_FAST_MATH = YES;
				SDKROOT = iphoneos;
				SWIFT_COMPILATION_MODE = wholemodule;
				SWIFT_OPTIMIZATION_LEVEL = "-O";
				VALIDATE_PRODUCT = YES;
			};
			name = Release;
		};
		71F44CFD24D8098B00654223 /* Debug */ = {
			isa = XCBuildConfiguration;
			buildSettings = {
				ASSETCATALOG_COMPILER_APPICON_NAME = AppIcon;
				CODE_SIGN_STYLE = Automatic;
				DEVELOPMENT_TEAM = GU6W6JBYVD;
				INFOPLIST_FILE = Quizzy/Info.plist;
				LD_RUNPATH_SEARCH_PATHS = (
					"$(inherited)",
					"@executable_path/Frameworks",
				);
				PRODUCT_BUNDLE_IDENTIFIER = com.izzatjabali.Quizzy;
				PRODUCT_NAME = "$(TARGET_NAME)";
				SWIFT_VERSION = 5.0;
				TARGETED_DEVICE_FAMILY = "1,2";
			};
			name = Debug;
		};
		71F44CFE24D8098B00654223 /* Release */ = {
			isa = XCBuildConfiguration;
			buildSettings = {
				ASSETCATALOG_COMPILER_APPICON_NAME = AppIcon;
				CODE_SIGN_STYLE = Automatic;
				DEVELOPMENT_TEAM = GU6W6JBYVD;
				INFOPLIST_FILE = Quizzy/Info.plist;
				LD_RUNPATH_SEARCH_PATHS = (
					"$(inherited)",
					"@executable_path/Frameworks",
				);
				PRODUCT_BUNDLE_IDENTIFIER = com.izzatjabali.Quizzy;
				PRODUCT_NAME = "$(TARGET_NAME)";
				SWIFT_VERSION = 5.0;
				TARGETED_DEVICE_FAMILY = "1,2";
			};
			name = Release;
		};
/* End XCBuildConfiguration section */

/* Begin XCConfigurationList section */
		71F44CE324D8098700654223 /* Build configuration list for PBXProject "Quizzy" */ = {
			isa = XCConfigurationList;
			buildConfigurations = (
				71F44CFA24D8098B00654223 /* Debug */,
				71F44CFB24D8098B00654223 /* Release */,
			);
			defaultConfigurationIsVisible = 0;
			defaultConfigurationName = Release;
		};
		71F44CFC24D8098B00654223 /* Build configuration list for PBXNativeTarget "Quizzy" */ = {
			isa = XCConfigurationList;
			buildConfigurations = (
				71F44CFD24D8098B00654223 /* Debug */,
				71F44CFE24D8098B00654223 /* Release */,
			);
			defaultConfigurationIsVisible = 0;
			defaultConfigurationName = Release;
		};
/* End XCConfigurationList section */
	};
	rootObject = 71F44CE024D8098700654223 /* Project object */;
}
